Microsoft Visual Studio Solution File, Format Version 12.00
# Visual Studio Version 17
VisualStudioVersion = 17.5.2.0
MinimumVisualStudioVersion = 10.0.40219.1
Project("{FAE04EC0-301F-11D3-BF4B-00C04F79EFBC}") = "PTPMQL_PhamVanTu", "PTPMQL_PhamVanTu.csproj", "{A8A16411-B306-CD71-845A-F7AD4200DB0B}"
EndProject
Global
	GlobalSection(SolutionConfigurationPlatforms) = preSolution
		Debug|Any CPU = Debug|Any CPU
		Release|Any CPU = Release|Any CPU
	EndGlobalSection
	GlobalSection(ProjectConfigurationPlatforms) = postSolution
		{A8A16411-B306-CD71-845A-F7AD4200DB0B}.Debug|Any CPU.ActiveCfg = Debug|Any CPU
		{A8A16411-B306-CD71-845A-F7AD4200DB0B}.Debug|Any CPU.Build.0 = Debug|Any CPU
		{A8A16411-B306-CD71-845A-F7AD4200DB0B}.Release|Any CPU.ActiveCfg = Release|Any CPU
		{A8A16411-B306-CD71-845A-F7AD4200DB0B}.Release|Any CPU.Build.0 = Release|Any CPU
	EndGlobalSection
	GlobalSection(SolutionProperties) = preSolution
		HideSolutionNode = FALSE
	EndGlobalSection
	GlobalSection(ExtensibilityGlobals) = postSolution
		SolutionGuid = {F17EEB33-29B5-43EF-9984-CC970531994D}
	EndGlobalSection
EndGlobal
